{
  "pins" : [
    {
      "identity" : "faissmobile",
      "kind" : "remoteSourceControl",
      "location" : "https://github.com/impel-intelligence/FaissMobile",
      "state" : {
        "revision" : "ccdc8800b8521d9246c90b5ed47ba867a89706e3",
        "version" : "1.0.0"
      }
    }
  ],
  "version" : 2
}
